// !$*UTF8*$!
{
	archiveVersion = 1;
	classes = {
	};
	objectVersion = 46;
	objects = {

/* Begin PBXBuildFile section */
		712EB9671C5C4AF300C20598 /* Default-568h@2x.png in Resources */ = {isa = PBXBuildFile; fileRef = 712EB9661C5C4AF300C20598 /* Default-568h@2x.png */; };
		712EB9721C5C4B4600C20598 /* AppDelegate.swift in Sources */ = {isa = PBXBuildFile; fileRef = 712EB9691C5C4B4600C20598 /* AppDelegate.swift */; };
		712EB9731C5C4B4600C20598 /* LaunchScreen.xib in Resources */ = {isa = PBXBuildFile; fileRef = 712EB96A1C5C4B4600C20598 /* LaunchScreen.xib */; };
		712EB9741C5C4B4600C20598 /* Main.storyboard in Resources */ = {isa = PBXBuildFile; fileRef = 712EB96C1C5C4B4600C20598 /* Main.storyboard */; };
		712EB9751C5C4B4600C20598 /* Images.xcassets in Resources */ = {isa = PBXBuildFile; fileRef = 712EB96F1C5C4B4600C20598 /* Images.xcassets */; };
		712EB9761C5C4B4600C20598 /* Info.plist in Resources */ = {isa = PBXBuildFile; fileRef = 712EB9701C5C4B4600C20598 /* Info.plist */; };
		712EB9771C5C4B4600C20598 /* ViewController.swift in Sources */ = {isa = PBXBuildFile; fileRef = 712EB9711C5C4B4600C20598 /* ViewController.swift */; };
		7151AA341C5C85D900E600E4 /* Interface.storyboard in Resources */ = {isa = PBXBuildFile; fileRef = 7151AA321C5C85D900E600E4 /* Interface.storyboard */; };
		7151AA361C5C85D900E600E4 /* Assets.xcassets in Resources */ = {isa = PBXBuildFile; fileRef = 7151AA351C5C85D900E600E4 /* Assets.xcassets */; };
		7151AA3D1C5C85D900E600E4 /* BB8Force Extension.appex in Embed App Extensions */ = {isa = PBXBuildFile; fileRef = 7151AA3C1C5C85D900E600E4 /* BB8Force Extension.appex */; settings = {ATTRIBUTES = (RemoveHeadersOnCopy, ); }; };
		7151AA441C5C85D900E600E4 /* InterfaceController.swift in Sources */ = {isa = PBXBuildFile; fileRef = 7151AA431C5C85D900E600E4 /* InterfaceController.swift */; };
		7151AA461C5C85D900E600E4 /* ExtensionDelegate.swift in Sources */ = {isa = PBXBuildFile; fileRef = 7151AA451C5C85D900E600E4 /* ExtensionDelegate.swift */; };
		7151AA481C5C85D900E600E4 /* NotificationController.swift in Sources */ = {isa = PBXBuildFile; fileRef = 7151AA471C5C85D900E600E4 /* NotificationController.swift */; };
		7151AA4A1C5C85D900E600E4 /* Assets.xcassets in Resources */ = {isa = PBXBuildFile; fileRef = 7151AA491C5C85D900E600E4 /* Assets.xcassets */; };
		7151AA4E1C5C85D900E600E4 /* BB8Force.app in Embed Watch Content */ = {isa = PBXBuildFile; fileRef = 7151AA301C5C85D900E600E4 /* BB8Force.app */; };
		EA8614BD1A2683DA004022C1 /* RobotKit.framework in Frameworks */ = {isa = PBXBuildFile; fileRef = EA8614BC1A2683DA004022C1 /* RobotKit.framework */; };
/* End PBXBuildFile section */

/* Begin PBXContainerItemProxy section */
		7151AA3E1C5C85D900E600E4 /* PBXContainerItemProxy */ = {
			isa = PBXContainerItemProxy;
			containerPortal = EA5C223E1A1E9078001F5117 /* Project object */;
			proxyType = 1;
			remoteGlobalIDString = 7151AA3B1C5C85D900E600E4;
			remoteInfo = "BB8Force Extension";
		};
		7151AA4C1C5C85D900E600E4 /* PBXContainerItemProxy */ = {
			isa = PBXContainerItemProxy;
			containerPortal = EA5C223E1A1E9078001F5117 /* Project object */;
			proxyType = 1;
			remoteGlobalIDString = 7151AA2F1C5C85D900E600E4;
			remoteInfo = BB8Force;
		};
/* End PBXContainerItemProxy section */

/* Begin PBXCopyFilesBuildPhase section */
		7151AA541C5C85DA00E600E4 /* Embed App Extensions */ = {
			isa = PBXCopyFilesBuildPhase;
			buildActionMask = 2147483647;
			dstPath = "";
			dstSubfolderSpec = 13;
			files = (
				7151AA3D1C5C85D900E600E4 /* BB8Force Extension.appex in Embed App Extensions */,
			);
			name = "Embed App Extensions";
			runOnlyForDeploymentPostprocessing = 0;
		};
		7151AA561C5C85DA00E600E4 /* Embed Watch Content */ = {
			isa = PBXCopyFilesBuildPhase;
			buildActionMask = 2147483647;
			dstPath = "$(CONTENTS_FOLDER_PATH)/Watch";
			dstSubfolderSpec = 16;
			files = (
				7151AA4E1C5C85D900E600E4 /* BB8Force.app in Embed Watch Content */,
			);
			name = "Embed Watch Content";
			runOnlyForDeploymentPostprocessing = 0;
		};
/* End PBXCopyFilesBuildPhase section */

/* Begin PBXFileReference section */
		712EB9661C5C4AF300C20598 /* Default-568h@2x.png */ = {isa = PBXFileReference; lastKnownFileType = image.png; path = "Default-568h@2x.png"; sourceTree = "<group>"; };
		712EB9691C5C4B4600C20598 /* AppDelegate.swift */ = {isa = PBXFileReference; fileEncoding = 4; lastKnownFileType = sourcecode.swift; path = AppDelegate.swift; sourceTree = "<group>"; };
		712EB96B1C5C4B4600C20598 /* Base */ = {isa = PBXFileReference; lastKnownFileType = file.xib; name = Base; path = Base.lproj/LaunchScreen.xib; sourceTree = "<group>"; };
		712EB96D1C5C4B4600C20598 /* Base */ = {isa = PBXFileReference; lastKnownFileType = file.storyboard; name = Base; path = Base.lproj/Main.storyboard; sourceTree = "<group>"; };
		712EB96E1C5C4B4600C20598 /* BB8Notifier-Bridging-Header.h */ = {isa = PBXFileReference; fileEncoding = 4; lastKnownFileType = sourcecode.c.h; path = "BB8Notifier-Bridging-Header.h"; sourceTree = "<group>"; };
		712EB96F1C5C4B4600C20598 /* Images.xcassets */ = {isa = PBXFileReference; lastKnownFileType = folder.assetcatalog; path = Images.xcassets; sourceTree = "<group>"; };
		712EB9701C5C4B4600C20598 /* Info.plist */ = {isa = PBXFileReference; fileEncoding = 4; lastKnownFileType = text.plist.xml; path = Info.plist; sourceTree = "<group>"; };
		712EB9711C5C4B4600C20598 /* ViewController.swift */ = {isa = PBXFileReference; fileEncoding = 4; lastKnownFileType = sourcecode.swift; path = ViewController.swift; sourceTree = "<group>"; };
		7151AA301C5C85D900E600E4 /* BB8Force.app */ = {isa = PBXFileReference; explicitFileType = wrapper.application; includeInIndex = 0; path = BB8Force.app; sourceTree = BUILT_PRODUCTS_DIR; };
		7151AA331C5C85D900E600E4 /* Base */ = {isa = PBXFileReference; lastKnownFileType = file.storyboard; name = Base; path = Base.lproj/Interface.storyboard; sourceTree = "<group>"; };
		7151AA351C5C85D900E600E4 /* Assets.xcassets */ = {isa = PBXFileReference; lastKnownFileType = folder.assetcatalog; path = Assets.xcassets; sourceTree = "<group>"; };
		7151AA371C5C85D900E600E4 /* Info.plist */ = {isa = PBXFileReference; lastKnownFileType = text.plist.xml; path = Info.plist; sourceTree = "<group>"; };
		7151AA3C1C5C85D900E600E4 /* BB8Force Extension.appex */ = {isa = PBXFileReference; explicitFileType = "wrapper.app-extension"; includeInIndex = 0; path = "BB8Force Extension.appex"; sourceTree = BUILT_PRODUCTS_DIR; };
		7151AA421C5C85D900E600E4 /* PushNotificationPayload.apns */ = {isa = PBXFileReference; lastKnownFileType = text; path = PushNotificationPayload.apns; sourceTree = "<group>"; };
		7151AA431C5C85D900E600E4 /* InterfaceController.swift */ = {isa = PBXFileReference; lastKnownFileType = sourcecode.swift; path = InterfaceController.swift; sourceTree = "<group>"; };
		7151AA451C5C85D900E600E4 /* ExtensionDelegate.swift */ = {isa = PBXFileReference; lastKnownFileType = sourcecode.swift; path = ExtensionDelegate.swift; sourceTree = "<group>"; };
		7151AA471C5C85D900E600E4 /* NotificationController.swift */ = {isa = PBXFileReference; lastKnownFileType = sourcecode.swift; path = NotificationController.swift; sourceTree = "<group>"; };
		7151AA491C5C85D900E600E4 /* Assets.xcassets */ = {isa = PBXFileReference; lastKnownFileType = folder.assetcatalog; path = Assets.xcassets; sourceTree = "<group>"; };
		7151AA4B1C5C85D900E600E4 /* Info.plist */ = {isa = PBXFileReference; lastKnownFileType = text.plist.xml; path = Info.plist; sourceTree = "<group>"; };
		EA5C22461A1E9078001F5117 /* BB8Notifier.app */ = {isa = PBXFileReference; explicitFileType = wrapper.application; includeInIndex = 0; path = BB8Notifier.app; sourceTree = BUILT_PRODUCTS_DIR; };
		EA8614BC1A2683DA004022C1 /* RobotKit.framework */ = {isa = PBXFileReference; lastKnownFileType = wrapper.framework; name = RobotKit.framework; path = ../_Frameworks_iOS/RobotKit.framework; sourceTree = "<group>"; };
/* End PBXFileReference section */

/* Begin PBXFrameworksBuildPhase section */
		7151AA391C5C85D900E600E4 /* Frameworks */ = {
			isa = PBXFrameworksBuildPhase;
			buildActionMask = 2147483647;
			files = (
			);
			runOnlyForDeploymentPostprocessing = 0;
		};
		EA5C22431A1E9078001F5117 /* Frameworks */ = {
			isa = PBXFrameworksBuildPhase;
			buildActionMask = 2147483647;
			files = (
				EA8614BD1A2683DA004022C1 /* RobotKit.framework in Frameworks */,
			);
			runOnlyForDeploymentPostprocessing = 0;
		};
/* End PBXFrameworksBuildPhase section */

/* Begin PBXGroup section */
		712EB9681C5C4B4600C20598 /* BB8Notifier */ = {
			isa = PBXGroup;
			children = (
				712EB9711C5C4B4600C20598 /* ViewController.swift */,
				712EB9691C5C4B4600C20598 /* AppDelegate.swift */,
				712EB96A1C5C4B4600C20598 /* LaunchScreen.xib */,
				712EB96C1C5C4B4600C20598 /* Main.storyboard */,
				712EB96E1C5C4B4600C20598 /* BB8Notifier-Bridging-Header.h */,
				712EB96F1C5C4B4600C20598 /* Images.xcassets */,
				712EB9701C5C4B4600C20598 /* Info.plist */,
			);
			path = BB8Notifier;
			sourceTree = "<group>";
		};
		7151AA311C5C85D900E600E4 /* BB8Force */ = {
			isa = PBXGroup;
			children = (
				7151AA321C5C85D900E600E4 /* Interface.storyboard */,
				7151AA351C5C85D900E600E4 /* Assets.xcassets */,
				7151AA371C5C85D900E600E4 /* Info.plist */,
			);
			path = BB8Force;
			sourceTree = "<group>";
		};
		7151AA401C5C85D900E600E4 /* BB8Force Extension */ = {
			isa = PBXGroup;
			children = (
				7151AA431C5C85D900E600E4 /* InterfaceController.swift */,
				7151AA451C5C85D900E600E4 /* ExtensionDelegate.swift */,
				7151AA471C5C85D900E600E4 /* NotificationController.swift */,
				7151AA491C5C85D900E600E4 /* Assets.xcassets */,
				7151AA4B1C5C85D900E600E4 /* Info.plist */,
				7151AA411C5C85D900E600E4 /* Supporting Files */,
			);
			path = "BB8Force Extension";
			sourceTree = "<group>";
		};
		7151AA411C5C85D900E600E4 /* Supporting Files */ = {
			isa = PBXGroup;
			children = (
				7151AA421C5C85D900E600E4 /* PushNotificationPayload.apns */,
			);
			name = "Supporting Files";
			sourceTree = "<group>";
		};
		EA5C223D1A1E9078001F5117 = {
			isa = PBXGroup;
			children = (
				712EB9661C5C4AF300C20598 /* Default-568h@2x.png */,
				712EB9681C5C4B4600C20598 /* BB8Notifier */,
				7151AA311C5C85D900E600E4 /* BB8Force */,
				7151AA401C5C85D900E600E4 /* BB8Force Extension */,
				EA5C226D1A1E913C001F5117 /* Frameworks */,
				EA5C22471A1E9078001F5117 /* Products */,
			);
			sourceTree = "<group>";
		};
		EA5C22471A1E9078001F5117 /* Products */ = {
			isa = PBXGroup;
			children = (
				EA5C22461A1E9078001F5117 /* BB8Notifier.app */,
				7151AA301C5C85D900E600E4 /* BB8Force.app */,
				7151AA3C1C5C85D900E600E4 /* BB8Force Extension.appex */,
			);
			name = Products;
			sourceTree = "<group>";
		};
		EA5C226D1A1E913C001F5117 /* Frameworks */ = {
			isa = PBXGroup;
			children = (
				EA8614BC1A2683DA004022C1 /* RobotKit.framework */,
			);
			name = Frameworks;
			sourceTree = "<group>";
		};
/* End PBXGroup section */

/* Begin PBXNativeTarget section */
		7151AA2F1C5C85D900E600E4 /* BB8Force */ = {
			isa = PBXNativeTarget;
			buildConfigurationList = 7151AA551C5C85DA00E600E4 /* Build configuration list for PBXNativeTarget "BB8Force" */;
			buildPhases = (
				7151AA2E1C5C85D900E600E4 /* Resources */,
				7151AA541C5C85DA00E600E4 /* Embed App Extensions */,
			);
			buildRules = (
			);
			dependencies = (
				7151AA3F1C5C85D900E600E4 /* PBXTargetDependency */,
			);
			name = BB8Force;
			productName = BB8Force;
			productReference = 7151AA301C5C85D900E600E4 /* BB8Force.app */;
			productType = "com.apple.product-type.application.watchapp2";
		};
		7151AA3B1C5C85D900E600E4 /* BB8Force Extension */ = {
			isa = PBXNativeTarget;
			buildConfigurationList = 7151AA531C5C85DA00E600E4 /* Build configuration list for PBXNativeTarget "BB8Force Extension" */;
			buildPhases = (
				7151AA381C5C85D900E600E4 /* Sources */,
				7151AA391C5C85D900E600E4 /* Frameworks */,
				7151AA3A1C5C85D900E600E4 /* Resources */,
			);
			buildRules = (
			);
			dependencies = (
			);
			name = "BB8Force Extension";
			productName = "BB8Force Extension";
			productReference = 7151AA3C1C5C85D900E600E4 /* BB8Force Extension.appex */;
			productType = "com.apple.product-type.watchkit2-extension";
		};
		EA5C22451A1E9078001F5117 /* BB8Notifier */ = {
			isa = PBXNativeTarget;
			buildConfigurationList = EA5C22651A1E9078001F5117 /* Build configuration list for PBXNativeTarget "BB8Notifier" */;
			buildPhases = (
				EA5C22421A1E9078001F5117 /* Sources */,
				EA5C22431A1E9078001F5117 /* Frameworks */,
				EA5C22441A1E9078001F5117 /* Resources */,
				7151AA561C5C85DA00E600E4 /* Embed Watch Content */,
			);
			buildRules = (
			);
			dependencies = (
				7151AA4D1C5C85D900E600E4 /* PBXTargetDependency */,
			);
			name = BB8Notifier;
			productName = HelloWorldSwift;
			productReference = EA5C22461A1E9078001F5117 /* BB8Notifier.app */;
			productType = "com.apple.product-type.application";
		};
/* End PBXNativeTarget section */

/* Begin PBXProject section */
		EA5C223E1A1E9078001F5117 /* Project object */ = {
			isa = PBXProject;
			attributes = {
				LastSwiftUpdateCheck = 0720;
				LastUpgradeCheck = 0720;
				ORGANIZATIONNAME = orbotix;
				TargetAttributes = {
					7151AA2F1C5C85D900E600E4 = {
						CreatedOnToolsVersion = 7.2;
						DevelopmentTeam = 7A9LG5LNH6;
					};
					7151AA3B1C5C85D900E600E4 = {
						CreatedOnToolsVersion = 7.2;
						DevelopmentTeam = 7A9LG5LNH6;
					};
					EA5C22451A1E9078001F5117 = {
						CreatedOnToolsVersion = 6.1;
						DevelopmentTeam = 7A9LG5LNH6;
						SystemCapabilities = {
							com.apple.BackgroundModes = {
								enabled = 1;
							};
						};
					};
				};
			};
			buildConfigurationList = EA5C22411A1E9078001F5117 /* Build configuration list for PBXProject "BB8Notifier" */;
			compatibilityVersion = "Xcode 3.2";
			developmentRegion = English;
			hasScannedForEncodings = 0;
			knownRegions = (
				en,
				Base,
			);
			mainGroup = EA5C223D1A1E9078001F5117;
			productRefGroup = EA5C22471A1E9078001F5117 /* Products */;
			projectDirPath = "";
			projectRoot = "";
			targets = (
				EA5C22451A1E9078001F5117 /* BB8Notifier */,
				7151AA2F1C5C85D900E600E4 /* BB8Force */,
				7151AA3B1C5C85D900E600E4 /* BB8Force Extension */,
			);
		};
/* End PBXProject section */

/* Begin PBXResourcesBuildPhase section */
		7151AA2E1C5C85D900E600E4 /* Resources */ = {
			isa = PBXResourcesBuildPhase;
			buildActionMask = 2147483647;
			files = (
				7151AA361C5C85D900E600E4 /* Assets.xcassets in Resources */,
				7151AA341C5C85D900E600E4 /* Interface.storyboard in Resources */,
			);
			runOnlyForDeploymentPostprocessing = 0;
		};
		7151AA3A1C5C85D900E600E4 /* Resources */ = {
			isa = PBXResourcesBuildPhase;
			buildActionMask = 2147483647;
			files = (
				7151AA4A1C5C85D900E600E4 /* Assets.xcassets in Resources */,
			);
			runOnlyForDeploymentPostprocessing = 0;
		};
		EA5C22441A1E9078001F5117 /* Resources */ = {
			isa = PBXResourcesBuildPhase;
			buildActionMask = 2147483647;
			files = (
				712EB9741C5C4B4600C20598 /* Main.storyboard in Resources */,
				712EB9751C5C4B4600C20598 /* Images.xcassets in Resources */,
				712EB9731C5C4B4600C20598 /* LaunchScreen.xib in Resources */,
				712EB9761C5C4B4600C20598 /* Info.plist in Resources */,
				712EB9671C5C4AF300C20598 /* Default-568h@2x.png in Resources */,
			);
			runOnlyForDeploymentPostprocessing = 0;
		};
/* End PBXResourcesBuildPhase section */

/* Begin PBXSourcesBuildPhase section */
		7151AA381C5C85D900E600E4 /* Sources */ = {
			isa = PBXSourcesBuildPhase;
			buildActionMask = 2147483647;
			files = (
				7151AA481C5C85D900E600E4 /* NotificationController.swift in Sources */,
				7151AA461C5C85D900E600E4 /* ExtensionDelegate.swift in Sources */,
				7151AA441C5C85D900E600E4 /* InterfaceController.swift in Sources */,
			);
			runOnlyForDeploymentPostprocessing = 0;
		};
		EA5C22421A1E9078001F5117 /* Sources */ = {
			isa = PBXSourcesBuildPhase;
			buildActionMask = 2147483647;
			files = (
				712EB9771C5C4B4600C20598 /* ViewController.swift in Sources */,
				712EB9721C5C4B4600C20598 /* AppDelegate.swift in Sources */,
			);
			runOnlyForDeploymentPostprocessing = 0;
		};
/* End PBXSourcesBuildPhase section */

/* Begin PBXTargetDependency section */
		7151AA3F1C5C85D900E600E4 /* PBXTargetDependency */ = {
			isa = PBXTargetDependency;
			target = 7151AA3B1C5C85D900E600E4 /* BB8Force Extension */;
			targetProxy = 7151AA3E1C5C85D900E600E4 /* PBXContainerItemProxy */;
		};
		7151AA4D1C5C85D900E600E4 /* PBXTargetDependency */ = {
			isa = PBXTargetDependency;
			target = 7151AA2F1C5C85D900E600E4 /* BB8Force */;
			targetProxy = 7151AA4C1C5C85D900E600E4 /* PBXContainerItemProxy */;
		};
/* End PBXTargetDependency section */

/* Begin PBXVariantGroup section */
		712EB96A1C5C4B4600C20598 /* LaunchScreen.xib */ = {
			isa = PBXVariantGroup;
			children = (
				712EB96B1C5C4B4600C20598 /* Base */,
			);
			name = LaunchScreen.xib;
			sourceTree = "<group>";
		};
		712EB96C1C5C4B4600C20598 /* Main.storyboard */ = {
			isa = PBXVariantGroup;
			children = (
				712EB96D1C5C4B4600C20598 /* Base */,
			);
			name = Main.storyboard;
			sourceTree = "<group>";
		};
		7151AA321C5C85D900E600E4 /* Interface.storyboard */ = {
			isa = PBXVariantGroup;
			children = (
				7151AA331C5C85D900E600E4 /* Base */,
			);
			name = Interface.storyboard;
			sourceTree = "<group>";
		};
/* End PBXVariantGroup section */

/* Begin XCBuildConfiguration section */
		7151AA4F1C5C85DA00E600E4 /* Debug */ = {
			isa = XCBuildConfiguration;
			buildSettings = {
				ASSETCATALOG_COMPILER_APPICON_NAME = AppIcon;
				CODE_SIGN_IDENTITY = "iPhone Developer";
				"CODE_SIGN_IDENTITY[sdk=iphoneos*]" = "iPhone Developer";
				DEBUG_INFORMATION_FORMAT = dwarf;
				EMBEDDED_CONTENT_CONTAINS_SWIFT = YES;
				GCC_NO_COMMON_BLOCKS = YES;
				IBSC_MODULE = BB8Force_Extension;
				INFOPLIST_FILE = BB8Force/Info.plist;
				PRODUCT_BUNDLE_IDENTIFIER = THacked96.bb8Notifier.watchkitapp;
				PRODUCT_NAME = "$(TARGET_NAME)";
				SDKROOT = watchos;
				SKIP_INSTALL = YES;
				TARGETED_DEVICE_FAMILY = 4;
				WATCHOS_DEPLOYMENT_TARGET = 2.1;
			};
			name = Debug;
		};
		7151AA501C5C85DA00E600E4 /* Release */ = {
			isa = XCBuildConfiguration;
			buildSettings = {
				ASSETCATALOG_COMPILER_APPICON_NAME = AppIcon;
				CODE_SIGN_IDENTITY = "iPhone Developer";
				"CODE_SIGN_IDENTITY[sdk=iphoneos*]" = "iPhone Developer";
				COPY_PHASE_STRIP = NO;
				DEBUG_INFORMATION_FORMAT = "dwarf-with-dsym";
				EMBEDDED_CONTENT_CONTAINS_SWIFT = YES;
				GCC_NO_COMMON_BLOCKS = YES;
				IBSC_MODULE = BB8Force_Extension;
				INFOPLIST_FILE = BB8Force/Info.plist;
				PRODUCT_BUNDLE_IDENTIFIER = THacked96.bb8Notifier.watchkitapp;
				PRODUCT_NAME = "$(TARGET_NAME)";
				SDKROOT = watchos;
				SKIP_INSTALL = YES;
				TARGETED_DEVICE_FAMILY = 4;
				WATCHOS_DEPLOYMENT_TARGET = 2.1;
			};
			name = Release;
		};
		7151AA511C5C85DA00E600E4 /* Debug */ = {
			isa = XCBuildConfiguration;
			buildSettings = {
				CODE_SIGN_IDENTITY = "iPhone Developer";
				DEBUG_INFORMATION_FORMAT = dwarf;
				GCC_NO_COMMON_BLOCKS = YES;
				INFOPLIST_FILE = "BB8Force Extension/Info.plist";
				LD_RUNPATH_SEARCH_PATHS = "$(inherited) @executable_path/Frameworks @executable_path/../../Frameworks";
				PRODUCT_BUNDLE_IDENTIFIER = THacked96.bb8Notifier.watchkitapp.watchkitextension;
				PRODUCT_NAME = "${TARGET_NAME}";
				SDKROOT = watchos;
				SKIP_INSTALL = YES;
				TARGETED_DEVICE_FAMILY = 4;
				WATCHOS_DEPLOYMENT_TARGET = 2.1;
			};
			name = Debug;
		};
		7151AA521C5C85DA00E600E4 /* Release */ = {
			isa = XCBuildConfiguration;
			buildSettings = {
				CODE_SIGN_IDENTITY = "iPhone Developer";
				COPY_PHASE_STRIP = NO;
				DEBUG_INFORMATION_FORMAT = "dwarf-with-dsym";
				GCC_NO_COMMON_BLOCKS = YES;
				INFOPLIST_FILE = "BB8Force Extension/Info.plist";
				LD_RUNPATH_SEARCH_PATHS = "$(inherited) @executable_path/Frameworks @executable_path/../../Frameworks";
				PRODUCT_BUNDLE_IDENTIFIER = THacked96.bb8Notifier.watchkitapp.watchkitextension;
				PRODUCT_NAME = "${TARGET_NAME}";
				SDKROOT = watchos;
				SKIP_INSTALL = YES;
				TARGETED_DEVICE_FAMILY = 4;
				WATCHOS_DEPLOYMENT_TARGET = 2.1;
			};
			name = Release;
		};
		EA5C22631A1E9078001F5117 /* Debug */ = {
			isa = XCBuildConfiguration;
			buildSettings = {
				ALWAYS_SEARCH_USER_PATHS = NO;
				CLANG_CXX_LANGUAGE_STANDARD = "gnu++0x";
				CLANG_CXX_LIBRARY = "libc++";
				CLANG_ENABLE_MODULES = YES;
				CLANG_ENABLE_OBJC_ARC = YES;
				CLANG_WARN_BOOL_CONVERSION = YES;
				CLANG_WARN_CONSTANT_CONVERSION = YES;
				CLANG_WARN_DIRECT_OBJC_ISA_USAGE = YES_ERROR;
				CLANG_WARN_EMPTY_BODY = YES;
				CLANG_WARN_ENUM_CONVERSION = YES;
				CLANG_WARN_INT_CONVERSION = YES;
				CLANG_WARN_OBJC_ROOT_CLASS = YES_ERROR;
				CLANG_WARN_UNREACHABLE_CODE = YES;
				CLANG_WARN__DUPLICATE_METHOD_MATCH = YES;
				"CODE_SIGN_IDENTITY[sdk=iphoneos*]" = "iPhone Developer";
				COPY_PHASE_STRIP = NO;
				ENABLE_STRICT_OBJC_MSGSEND = YES;
				ENABLE_TESTABILITY = YES;
				FRAMEWORK_SEARCH_PATHS = "$(PROJECT_DIR)/../../frameworks";
				GCC_C_LANGUAGE_STANDARD = gnu99;
				GCC_DYNAMIC_NO_PIC = NO;
				GCC_OPTIMIZATION_LEVEL = 0;
				GCC_PREPROCESSOR_DEFINITIONS = (
					"DEBUG=1",
					"$(inherited)",
				);
				GCC_SYMBOLS_PRIVATE_EXTERN = NO;
				GCC_WARN_64_TO_32_BIT_CONVERSION = YES;
				GCC_WARN_ABOUT_RETURN_TYPE = YES_ERROR;
				GCC_WARN_UNDECLARED_SELECTOR = YES;
				GCC_WARN_UNINITIALIZED_AUTOS = YES_AGGRESSIVE;
				GCC_WARN_UNUSED_FUNCTION = YES;
				GCC_WARN_UNUSED_VARIABLE = YES;
				IPHONEOS_DEPLOYMENT_TARGET = 9.0;
				MTL_ENABLE_DEBUG_INFO = YES;
				ONLY_ACTIVE_ARCH = YES;
				SDKROOT = iphoneos;
				SWIFT_OPTIMIZATION_LEVEL = "-Onone";
				TARGETED_DEVICE_FAMILY = "1,2";
			};
			name = Debug;
		};
		EA5C22641A1E9078001F5117 /* Release */ = {
			isa = XCBuildConfiguration;
			buildSettings = {
				ALWAYS_SEARCH_USER_PATHS = NO;
				CLANG_CXX_LANGUAGE_STANDARD = "gnu++0x";
				CLANG_CXX_LIBRARY = "libc++";
				CLANG_ENABLE_MODULES = YES;
				CLANG_ENABLE_OBJC_ARC = YES;
				CLANG_WARN_BOOL_CONVERSION = YES;
				CLANG_WARN_CONSTANT_CONVERSION = YES;
				CLANG_WARN_DIRECT_OBJC_ISA_USAGE = YES_ERROR;
				CLANG_WARN_EMPTY_BODY = YES;
				CLANG_WARN_ENUM_CONVERSION = YES;
				CLANG_WARN_INT_CONVERSION = YES;
				CLANG_WARN_OBJC_ROOT_CLASS = YES_ERROR;
				CLANG_WARN_UNREACHABLE_CODE = YES;
				CLANG_WARN__DUPLICATE_METHOD_MATCH = YES;
				"CODE_SIGN_IDENTITY[sdk=iphoneos*]" = "iPhone Developer";
				COPY_PHASE_STRIP = YES;
				ENABLE_NS_ASSERTIONS = NO;
				ENABLE_STRICT_OBJC_MSGSEND = YES;
				FRAMEWORK_SEARCH_PATHS = "$(PROJECT_DIR)/../../frameworks";
				GCC_C_LANGUAGE_STANDARD = gnu99;
				GCC_WARN_64_TO_32_BIT_CONVERSION = YES;
				GCC_WARN_ABOUT_RETURN_TYPE = YES_ERROR;
				GCC_WARN_UNDECLARED_SELECTOR = YES;
				GCC_WARN_UNINITIALIZED_AUTOS = YES_AGGRESSIVE;
				GCC_WARN_UNUSED_FUNCTION = YES;
				GCC_WARN_UNUSED_VARIABLE = YES;
				IPHONEOS_DEPLOYMENT_TARGET = 9.0;
				MTL_ENABLE_DEBUG_INFO = NO;
				SDKROOT = iphoneos;
				TARGETED_DEVICE_FAMILY = "1,2";
				VALIDATE_PRODUCT = YES;
			};
			name = Release;
		};
		EA5C22661A1E9078001F5117 /* Debug */ = {
			isa = XCBuildConfiguration;
			buildSettings = {
				ASSETCATALOG_COMPILER_APPICON_NAME = AppIcon;
				CLANG_ENABLE_MODULES = YES;
				CODE_SIGN_IDENTITY = "iPhone Developer";
				"CODE_SIGN_IDENTITY[sdk=iphoneos*]" = "iPhone Developer";
				FRAMEWORK_SEARCH_PATHS = "$(inherited)";
				INFOPLIST_FILE = "$(SRCROOT)/BB8Notifier/Info.plist";
				LD_RUNPATH_SEARCH_PATHS = "$(inherited) @executable_path/Frameworks";
				OTHER_LDFLAGS = (
					"-ObjC",
					"-lc++",
				);
				PRODUCT_BUNDLE_IDENTIFIER = THacked96.bb8Notifier;
				PRODUCT_NAME = BB8Notifier;
				PROVISIONING_PROFILE = "";
				SWIFT_OBJC_BRIDGING_HEADER = "BB8Notifier/BB8Notifier-Bridging-Header.h";
				SWIFT_OPTIMIZATION_LEVEL = "-Onone";
			};
			name = Debug;
		};
		EA5C22671A1E9078001F5117 /* Release */ = {
			isa = XCBuildConfiguration;
			buildSettings = {
				ASSETCATALOG_COMPILER_APPICON_NAME = AppIcon;
				CLANG_ENABLE_MODULES = YES;
				CODE_SIGN_IDENTITY = "iPhone Developer";
				"CODE_SIGN_IDENTITY[sdk=iphoneos*]" = "iPhone Developer";
				FRAMEWORK_SEARCH_PATHS = "$(inherited)";
				INFOPLIST_FILE = "$(SRCROOT)/BB8Notifier/Info.plist";
				LD_RUNPATH_SEARCH_PATHS = "$(inherited) @executable_path/Frameworks";
				OTHER_LDFLAGS = (
					"-ObjC",
					"-lc++",
				);
				PRODUCT_BUNDLE_IDENTIFIER = THacked96.bb8Notifier;
				PRODUCT_NAME = BB8Notifier;
				PROVISIONING_PROFILE = "";
				SWIFT_OBJC_BRIDGING_HEADER = "BB8Notifier/BB8Notifier-Bridging-Header.h";
			};
			name = Release;
		};
/* End XCBuildConfiguration section */

/* Begin XCConfigurationList section */
		7151AA531C5C85DA00E600E4 /* Build configuration list for PBXNativeTarget "BB8Force Extension" */ = {
			isa = XCConfigurationList;
			buildConfigurations = (
				7151AA511C5C85DA00E600E4 /* Debug */,
				7151AA521C5C85DA00E600E4 /* Release */,
			);
			defaultConfigurationIsVisible = 0;
			defaultConfigurationName = Release;
		};
		7151AA551C5C85DA00E600E4 /* Build configuration list for PBXNativeTarget "BB8Force" */ = {
			isa = XCConfigurationList;
			buildConfigurations = (
				7151AA4F1C5C85DA00E600E4 /* Debug */,
				7151AA501C5C85DA00E600E4 /* Release */,
			);
			defaultConfigurationIsVisible = 0;
			defaultConfigurationName = Release;
		};
		EA5C22411A1E9078001F5117 /* Build configuration list for PBXProject "BB8Notifier" */ = {
			isa = XCConfigurationList;
			buildConfigurations = (
				EA5C22631A1E9078001F5117 /* Debug */,
				EA5C22641A1E9078001F5117 /* Release */,
			);
			defaultConfigurationIsVisible = 0;
			defaultConfigurationName = Release;
		};
		EA5C22651A1E9078001F5117 /* Build configuration list for PBXNativeTarget "BB8Notifier" */ = {
			isa = XCConfigurationList;
			buildConfigurations = (
				EA5C22661A1E9078001F5117 /* Debug */,
				EA5C22671A1E9078001F5117 /* Release */,
			);
			defaultConfigurationIsVisible = 0;
			defaultConfigurationName = Release;
		};
/* End XCConfigurationList section */
	};
	rootObject = EA5C223E1A1E9078001F5117 /* Project object */;
}
